
Microsoft Visual Studio Solution File, Format Version 12.00
# Visual Studio Version 17
VisualStudioVersion = 17.14.36109.1 d17.14
MinimumVisualStudioVersion = 10.0.40219.1
Project("{FAE04EC0-301F-11D3-BF4B-00C04F79EFBC}") = "DemoOOP", "DemoOOP\DemoOOP.csproj", "{6842A412-4D09-46D7-AFE9-10AC8420A260}"
EndProject
Global
	GlobalSection(SolutionConfigurationPlatforms) = preSolution
		Debug|Any CPU = Debug|Any CPU
		Release|Any CPU = Release|Any CPU
	EndGlobalSection
	GlobalSection(ProjectConfigurationPlatforms) = postSolution
		{6842A412-4D09-46D7-AFE9-10AC8420A260}.Debug|Any CPU.ActiveCfg = Debug|Any CPU
		{6842A412-4D09-46D7-AFE9-10AC8420A260}.Debug|Any CPU.Build.0 = Debug|Any CPU
		{6842A412-4D09-46D7-AFE9-10AC8420A260}.Release|Any CPU.ActiveCfg = Release|Any CPU
		{6842A412-4D09-46D7-AFE9-10AC8420A260}.Release|Any CPU.Build.0 = Release|Any CPU
	EndGlobalSection
	GlobalSection(SolutionProperties) = preSolution
		HideSolutionNode = FALSE
	EndGlobalSection
	GlobalSection(ExtensibilityGlobals) = postSolution
		SolutionGuid = {42E106E9-EBEB-4D00-816D-7994A86128A2}
	EndGlobalSection
EndGlobal
